
Microsoft Visual Studio Solution File, Format Version 12.00
# Visual Studio Version 17
VisualStudioVersion = 17.9.34622.214
MinimumVisualStudioVersion = 10.0.40219.1
Project("{FAE04EC0-301F-11D3-BF4B-00C04F79EFBC}") = "Ejercicio2", "Ejercicio2\Ejercicio2.csproj", "{F7B416E1-4DCC-4AD8-8920-2A530D78DAA3}"
EndProject
Global
	GlobalSection(SolutionConfigurationPlatforms) = preSolution
		Debug|Any CPU = Debug|Any CPU
		Release|Any CPU = Release|Any CPU
	EndGlobalSection
	GlobalSection(ProjectConfigurationPlatforms) = postSolution
		{F7B416E1-4DCC-4AD8-8920-2A530D78DAA3}.Debug|Any CPU.ActiveCfg = Debug|Any CPU
		{F7B416E1-4DCC-4AD8-8920-2A530D78DAA3}.Debug|Any CPU.Build.0 = Debug|Any CPU
		{F7B416E1-4DCC-4AD8-8920-2A530D78DAA3}.Release|Any CPU.ActiveCfg = Release|Any CPU
		{F7B416E1-4DCC-4AD8-8920-2A530D78DAA3}.Release|Any CPU.Build.0 = Release|Any CPU
	EndGlobalSection
	GlobalSection(SolutionProperties) = preSolution
		HideSolutionNode = FALSE
	EndGlobalSection
	GlobalSection(ExtensibilityGlobals) = postSolution
		SolutionGuid = {E9AFB92D-63E3-4C0C-B75E-DEB82CD768C5}
	EndGlobalSection
EndGlobal
